
Microsoft Visual Studio Solution File, Format Version 12.00
# Visual Studio 15
VisualStudioVersion = 15.0.28010.2050
MinimumVisualStudioVersion = 10.0.40219.1
Project("{FAE04EC0-301F-11D3-BF4B-00C04F79EFBC}") = "AplicacaoAgrotoxicos", "AplicacaoAgrotoxicos\AplicacaoAgrotoxicos.csproj", "{FDB4B034-B7F5-474C-B514-56CB1D9441EE}"
EndProject
Global
	GlobalSection(SolutionConfigurationPlatforms) = preSolution
		Debug|Any CPU = Debug|Any CPU
		Release|Any CPU = Release|Any CPU
	EndGlobalSection
	GlobalSection(ProjectConfigurationPlatforms) = postSolution
		{FDB4B034-B7F5-474C-B514-56CB1D9441EE}.Debug|Any CPU.ActiveCfg = Debug|Any CPU
		{FDB4B034-B7F5-474C-B514-56CB1D9441EE}.Debug|Any CPU.Build.0 = Debug|Any CPU
		{FDB4B034-B7F5-474C-B514-56CB1D9441EE}.Release|Any CPU.ActiveCfg = Release|Any CPU
		{FDB4B034-B7F5-474C-B514-56CB1D9441EE}.Release|Any CPU.Build.0 = Release|Any CPU
	EndGlobalSection
	GlobalSection(SolutionProperties) = preSolution
		HideSolutionNode = FALSE
	EndGlobalSection
	GlobalSection(ExtensibilityGlobals) = postSolution
		SolutionGuid = {0AF76A0D-A407-43EC-B9B3-DF24BF90E9B6}
	EndGlobalSection
EndGlobal
